
Microsoft Visual Studio Solution File, Format Version 12.00
# Visual Studio Version 17
VisualStudioVersion = 17.7.34221.43
MinimumVisualStudioVersion = 10.0.40219.1
Project("{2150E333-8FDC-42A3-9474-1A3956D46DE8}") = "Task0", "Task0", "{B7E8CEB3-373A-4668-99F1-C8C3157D401D}"
EndProject
Project("{FAE04EC0-301F-11D3-BF4B-00C04F79EFBC}") = "Tyuiu.AbdullinAI.Sprint4.Task0.V20", "Tyuiu.AbdullinAI.Sprint4.Task0.V20\Tyuiu.AbdullinAI.Sprint4.Task0.V20.csproj", "{9DBF01B4-EC72-4000-94D3-481E2AA20E52}"
EndProject
Project("{FAE04EC0-301F-11D3-BF4B-00C04F79EFBC}") = "Tyuiu.AbdullinAI.Sprint4.Task0.V20.Lib", "Tyuiu.AbdullinAI.Sprint4.Task0.V20.Lib\Tyuiu.AbdullinAI.Sprint4.Task0.V20.Lib.csproj", "{024393EA-DA1D-4FDF-9736-B54CBFB510D0}"
EndProject
Project("{FAE04EC0-301F-11D3-BF4B-00C04F79EFBC}") = "Tyuiu.AbdullinAI.Sprint4.Task0.V20.Test", "Tyuiu.AbdullinAI.Sprint4.Task0.V20.Test\Tyuiu.AbdullinAI.Sprint4.Task0.V20.Test.csproj", "{519EDFCE-D62F-44CA-830E-C29A5C34CC79}"
EndProject
Project("{2150E333-8FDC-42A3-9474-1A3956D46DE8}") = "Task1", "Task1", "{65A46BD8-0832-466E-9756-E94459B56FB1}"
EndProject
Project("{FAE04EC0-301F-11D3-BF4B-00C04F79EFBC}") = "Tyuiu.AbdullinAI.Sprint4.Task1.V21", "Tyuiu.AbdullinAI.Sprint4.Task1.V21\Tyuiu.AbdullinAI.Sprint4.Task1.V21.csproj", "{7486732E-B0EB-40CF-B2DC-23C299EB5A9B}"
EndProject
Project("{FAE04EC0-301F-11D3-BF4B-00C04F79EFBC}") = "Tyuiu.AbdullinAI.Sprint4.Task1.V21.Lib", "Tyuiu.AbdullinAI.Sprint4.Task1.V21.Lib\Tyuiu.AbdullinAI.Sprint4.Task1.V21.Lib.csproj", "{6C7725A5-A9D5-4CD2-B3B2-26D130AB3470}"
EndProject
Project("{FAE04EC0-301F-11D3-BF4B-00C04F79EFBC}") = "Tyuiu.AbdullinAI.Sprint4.Task1.V21.Test", "Tyuiu.AbdullinAI.Sprint4.Task1.V21.Test\Tyuiu.AbdullinAI.Sprint4.Task1.V21.Test.csproj", "{AF34E7CC-B604-4F2C-ADF8-E5C32DECD6D4}"
EndProject
Project("{2150E333-8FDC-42A3-9474-1A3956D46DE8}") = "Task2", "Task2", "{A8961BAB-D8FF-402D-A808-3AE27E37AB4F}"
EndProject
Project("{FAE04EC0-301F-11D3-BF4B-00C04F79EFBC}") = "Tyuiu.AbdullinAI.Sprint4.Task2.V23", "Tyuiu.AbdullinAI.Sprint4.Task2.V23\Tyuiu.AbdullinAI.Sprint4.Task2.V23.csproj", "{E9E4274A-9DFA-4B8E-A3F2-CEBAAB9CF121}"
EndProject
Project("{FAE04EC0-301F-11D3-BF4B-00C04F79EFBC}") = "Tyuiu.AbdullinAI.Sprint4.Task2.V23.Lib", "Tyuiu.AbdullinAI.Sprint4.Task2.V23.Lib\Tyuiu.AbdullinAI.Sprint4.Task2.V23.Lib.csproj", "{35A25F90-53A8-4B87-AAC9-9C1E1FC7092D}"
EndProject
Project("{FAE04EC0-301F-11D3-BF4B-00C04F79EFBC}") = "Tyuiu.AbdullinAI.Sprint4.Task2.V23.Test", "Tyuiu.AbdullinAI.Sprint4.Task2.V23.Test\Tyuiu.AbdullinAI.Sprint4.Task2.V23.Test.csproj", "{A95BD577-56A9-4AD0-B490-182566FB3EB2}"
EndProject
Global
	GlobalSection(SolutionConfigurationPlatforms) = preSolution
		Debug|Any CPU = Debug|Any CPU
		Release|Any CPU = Release|Any CPU
	EndGlobalSection
	GlobalSection(ProjectConfigurationPlatforms) = postSolution
		{9DBF01B4-EC72-4000-94D3-481E2AA20E52}.Debug|Any CPU.ActiveCfg = Debug|Any CPU
		{9DBF01B4-EC72-4000-94D3-481E2AA20E52}.Debug|Any CPU.Build.0 = Debug|Any CPU
		{9DBF01B4-EC72-4000-94D3-481E2AA20E52}.Release|Any CPU.ActiveCfg = Release|Any CPU
		{9DBF01B4-EC72-4000-94D3-481E2AA20E52}.Release|Any CPU.Build.0 = Release|Any CPU
		{024393EA-DA1D-4FDF-9736-B54CBFB510D0}.Debug|Any CPU.ActiveCfg = Debug|Any CPU
		{024393EA-DA1D-4FDF-9736-B54CBFB510D0}.Debug|Any CPU.Build.0 = Debug|Any CPU
		{024393EA-DA1D-4FDF-9736-B54CBFB510D0}.Release|Any CPU.ActiveCfg = Release|Any CPU
		{024393EA-DA1D-4FDF-9736-B54CBFB510D0}.Release|Any CPU.Build.0 = Release|Any CPU
		{519EDFCE-D62F-44CA-830E-C29A5C34CC79}.Debug|Any CPU.ActiveCfg = Debug|Any CPU
		{519EDFCE-D62F-44CA-830E-C29A5C34CC79}.Debug|Any CPU.Build.0 = Debug|Any CPU
		{519EDFCE-D62F-44CA-830E-C29A5C34CC79}.Release|Any CPU.ActiveCfg = Release|Any CPU
		{519EDFCE-D62F-44CA-830E-C29A5C34CC79}.Release|Any CPU.Build.0 = Release|Any CPU
		{7486732E-B0EB-40CF-B2DC-23C299EB5A9B}.Debug|Any CPU.ActiveCfg = Debug|Any CPU
		{7486732E-B0EB-40CF-B2DC-23C299EB5A9B}.Debug|Any CPU.Build.0 = Debug|Any CPU
		{7486732E-B0EB-40CF-B2DC-23C299EB5A9B}.Release|Any CPU.ActiveCfg = Release|Any CPU
		{7486732E-B0EB-40CF-B2DC-23C299EB5A9B}.Release|Any CPU.Build.0 = Release|Any CPU
		{6C7725A5-A9D5-4CD2-B3B2-26D130AB3470}.Debug|Any CPU.ActiveCfg = Debug|Any CPU
		{6C7725A5-A9D5-4CD2-B3B2-26D130AB3470}.Debug|Any CPU.Build.0 = Debug|Any CPU
		{6C7725A5-A9D5-4CD2-B3B2-26D130AB3470}.Release|Any CPU.ActiveCfg = Release|Any CPU
		{6C7725A5-A9D5-4CD2-B3B2-26D130AB3470}.Release|Any CPU.Build.0 = Release|Any CPU
		{AF34E7CC-B604-4F2C-ADF8-E5C32DECD6D4}.Debug|Any CPU.ActiveCfg = Debug|Any CPU
		{AF34E7CC-B604-4F2C-ADF8-E5C32DECD6D4}.Debug|Any CPU.Build.0 = Debug|Any CPU
		{AF34E7CC-B604-4F2C-ADF8-E5C32DECD6D4}.Release|Any CPU.ActiveCfg = Release|Any CPU
		{AF34E7CC-B604-4F2C-ADF8-E5C32DECD6D4}.Release|Any CPU.Build.0 = Release|Any CPU
		{E9E4274A-9DFA-4B8E-A3F2-CEBAAB9CF121}.Debug|Any CPU.ActiveCfg = Debug|Any CPU
		{E9E4274A-9DFA-4B8E-A3F2-CEBAAB9CF121}.Debug|Any CPU.Build.0 = Debug|Any CPU
		{E9E4274A-9DFA-4B8E-A3F2-CEBAAB9CF121}.Release|Any CPU.ActiveCfg = Release|Any CPU
		{E9E4274A-9DFA-4B8E-A3F2-CEBAAB9CF121}.Release|Any CPU.Build.0 = Release|Any CPU
		{35A25F90-53A8-4B87-AAC9-9C1E1FC7092D}.Debug|Any CPU.ActiveCfg = Debug|Any CPU
		{35A25F90-53A8-4B87-AAC9-9C1E1FC7092D}.Debug|Any CPU.Build.0 = Debug|Any CPU
		{35A25F90-53A8-4B87-AAC9-9C1E1FC7092D}.Release|Any CPU.ActiveCfg = Release|Any CPU
		{35A25F90-53A8-4B87-AAC9-9C1E1FC7092D}.Release|Any CPU.Build.0 = Release|Any CPU
		{A95BD577-56A9-4AD0-B490-182566FB3EB2}.Debug|Any CPU.ActiveCfg = Debug|Any CPU
		{A95BD577-56A9-4AD0-B490-182566FB3EB2}.Debug|Any CPU.Build.0 = Debug|Any CPU
		{A95BD577-56A9-4AD0-B490-182566FB3EB2}.Release|Any CPU.ActiveCfg = Release|Any CPU
		{A95BD577-56A9-4AD0-B490-182566FB3EB2}.Release|Any CPU.Build.0 = Release|Any CPU
	EndGlobalSection
	GlobalSection(SolutionProperties) = preSolution
		HideSolutionNode = FALSE
	EndGlobalSection
	GlobalSection(NestedProjects) = preSolution
		{9DBF01B4-EC72-4000-94D3-481E2AA20E52} = {B7E8CEB3-373A-4668-99F1-C8C3157D401D}
		{024393EA-DA1D-4FDF-9736-B54CBFB510D0} = {B7E8CEB3-373A-4668-99F1-C8C3157D401D}
		{519EDFCE-D62F-44CA-830E-C29A5C34CC79} = {B7E8CEB3-373A-4668-99F1-C8C3157D401D}
		{7486732E-B0EB-40CF-B2DC-23C299EB5A9B} = {65A46BD8-0832-466E-9756-E94459B56FB1}
		{6C7725A5-A9D5-4CD2-B3B2-26D130AB3470} = {65A46BD8-0832-466E-9756-E94459B56FB1}
		{AF34E7CC-B604-4F2C-ADF8-E5C32DECD6D4} = {65A46BD8-0832-466E-9756-E94459B56FB1}
		{E9E4274A-9DFA-4B8E-A3F2-CEBAAB9CF121} = {A8961BAB-D8FF-402D-A808-3AE27E37AB4F}
		{35A25F90-53A8-4B87-AAC9-9C1E1FC7092D} = {A8961BAB-D8FF-402D-A808-3AE27E37AB4F}
		{A95BD577-56A9-4AD0-B490-182566FB3EB2} = {A8961BAB-D8FF-402D-A808-3AE27E37AB4F}
	EndGlobalSection
	GlobalSection(ExtensibilityGlobals) = postSolution
		SolutionGuid = {15F3CFA5-C7F2-4205-BA5C-F6BBDB7286E7}
	EndGlobalSection
EndGlobal
